
Microsoft Visual Studio Solution File, Format Version 12.00
Project("{FAE04EC0-301F-11D3-BF4B-00C04F79EFBC}") = "PrinciplesExamples", "PrinciplesExamples\PrinciplesExamples.csproj", "{32291A83-D348-4D0F-91A0-70E73DF3635B}"
EndProject
Global
	GlobalSection(SolutionConfigurationPlatforms) = preSolution
		Debug|Any CPU = Debug|Any CPU
		Release|Any CPU = Release|Any CPU
	EndGlobalSection
	GlobalSection(ProjectConfigurationPlatforms) = postSolution
		{32291A83-D348-4D0F-91A0-70E73DF3635B}.Debug|Any CPU.ActiveCfg = Debug|Any CPU
		{32291A83-D348-4D0F-91A0-70E73DF3635B}.Debug|Any CPU.Build.0 = Debug|Any CPU
		{32291A83-D348-4D0F-91A0-70E73DF3635B}.Release|Any CPU.ActiveCfg = Release|Any CPU
		{32291A83-D348-4D0F-91A0-70E73DF3635B}.Release|Any CPU.Build.0 = Release|Any CPU
	EndGlobalSection
EndGlobal
